github.com/appleboy/graceful v0.0.1 h1:M4oRvxzzbOvDzhNe8dYz8gHy+g2eDioy2VzzZiE4c8o=
github.com/appleboy/graceful v0.0.1/go.mod h1:Q2mVx0t+N0lCDZc5MJudbcpTm6cgGM/J2gZCZIqD9dc=
github.com/appleboy/graceful v0.0.2-0.20220102112459-6e92f1bc460a h1:RGBV3SMs1pmQrQyKNipyfz1qsajlDewn225BFijRWNA=
github.com/appleboy/graceful v0.0.2-0.20220102112459-6e92f1bc460a/go.mod h1:Q2mVx0t+N0lCDZc5MJudbcpTm6cgGM/J2gZCZIqD9dc=
